// !$*UTF8*$!
{
	archiveVersion = 1;
	classes = {
	};
	objectVersion = 48;
	objects = {

/* Begin PBXBuildFile section */
		1873DD831F5EC74A007D2B40 /* AppDelegate.swift in Sources */ = {isa = PBXBuildFile; fileRef = 1873DD821F5EC74A007D2B40 /* AppDelegate.swift */; };
		1873DD881F5EC74A007D2B40 /* Main.storyboard in Resources */ = {isa = PBXBuildFile; fileRef = 1873DD861F5EC74A007D2B40 /* Main.storyboard */; };
		1873DD8A1F5EC74B007D2B40 /* Assets.xcassets in Resources */ = {isa = PBXBuildFile; fileRef = 1873DD891F5EC74B007D2B40 /* Assets.xcassets */; };
		1873DD8D1F5EC74B007D2B40 /* LaunchScreen.storyboard in Resources */ = {isa = PBXBuildFile; fileRef = 1873DD8B1F5EC74B007D2B40 /* LaunchScreen.storyboard */; };
		1873DD9A1F5EC87F007D2B40 /* ContainerVC.swift in Sources */ = {isa = PBXBuildFile; fileRef = 1873DD941F5EC87F007D2B40 /* ContainerVC.swift */; };
		1873DD9B1F5EC87F007D2B40 /* CellCollectionViewCell.swift in Sources */ = {isa = PBXBuildFile; fileRef = 1873DD951F5EC87F007D2B40 /* CellCollectionViewCell.swift */; };
		1873DD9C1F5EC87F007D2B40 /* DGExpandableButton.swift in Sources */ = {isa = PBXBuildFile; fileRef = 1873DD971F5EC87F007D2B40 /* DGExpandableButton.swift */; };
		1873DD9D1F5EC87F007D2B40 /* FoldingTabbar.swift in Sources */ = {isa = PBXBuildFile; fileRef = 1873DD981F5EC87F007D2B40 /* FoldingTabbar.swift */; };
		1873DD9E1F5EC87F007D2B40 /* TabItem.swift in Sources */ = {isa = PBXBuildFile; fileRef = 1873DD991F5EC87F007D2B40 /* TabItem.swift */; };
		1873DDA01F5EC901007D2B40 /* ListVC.swift in Sources */ = {isa = PBXBuildFile; fileRef = 1873DD9F1F5EC900007D2B40 /* ListVC.swift */; };
/* End PBXBuildFile section */

/* Begin PBXFileReference section */
		1873DD7F1F5EC74A007D2B40 /* DGFloldableTabbarControl.app */ = {isa = PBXFileReference; explicitFileType = wrapper.application; includeInIndex = 0; path = DGFloldableTabbarControl.app; sourceTree = BUILT_PRODUCTS_DIR; };
		1873DD821F5EC74A007D2B40 /* AppDelegate.swift */ = {isa = PBXFileReference; lastKnownFileType = sourcecode.swift; path = AppDelegate.swift; sourceTree = "<group>"; };
		1873DD871F5EC74A007D2B40 /* Base */ = {isa = PBXFileReference; lastKnownFileType = file.storyboard; name = Base; path = Base.lproj/Main.storyboard; sourceTree = "<group>"; };
		1873DD891F5EC74B007D2B40 /* Assets.xcassets */ = {isa = PBXFileReference; lastKnownFileType = folder.assetcatalog; path = Assets.xcassets; sourceTree = "<group>"; };
		1873DD8C1F5EC74B007D2B40 /* Base */ = {isa = PBXFileReference; lastKnownFileType = file.storyboard; name = Base; path = Base.lproj/LaunchScreen.storyboard; sourceTree = "<group>"; };
		1873DD8E1F5EC74B007D2B40 /* Info.plist */ = {isa = PBXFileReference; lastKnownFileType = text.plist.xml; path = Info.plist; sourceTree = "<group>"; };
		1873DD941F5EC87F007D2B40 /* ContainerVC.swift */ = {isa = PBXFileReference; fileEncoding = 4; lastKnownFileType = sourcecode.swift; path = ContainerVC.swift; sourceTree = "<group>"; };
		1873DD951F5EC87F007D2B40 /* CellCollectionViewCell.swift */ = {isa = PBXFileReference; fileEncoding = 4; lastKnownFileType = sourcecode.swift; path = CellCollectionViewCell.swift; sourceTree = "<group>"; };
		1873DD971F5EC87F007D2B40 /* DGExpandableButton.swift */ = {isa = PBXFileReference; fileEncoding = 4; lastKnownFileType = sourcecode.swift; path = DGExpandableButton.swift; sourceTree = "<group>"; };
		1873DD981F5EC87F007D2B40 /* FoldingTabbar.swift */ = {isa = PBXFileReference; fileEncoding = 4; lastKnownFileType = sourcecode.swift; path = FoldingTabbar.swift; sourceTree = "<group>"; };
		1873DD991F5EC87F007D2B40 /* TabItem.swift */ = {isa = PBXFileReference; fileEncoding = 4; lastKnownFileType = sourcecode.swift; path = TabItem.swift; sourceTree = "<group>"; };
		1873DD9F1F5EC900007D2B40 /* ListVC.swift */ = {isa = PBXFileReference; lastKnownFileType = sourcecode.swift; path = ListVC.swift; sourceTree = "<group>"; };
/* End PBXFileReference section */

/* Begin PBXFrameworksBuildPhase section */
		1873DD7C1F5EC74A007D2B40 /* Frameworks */ = {
			isa = PBXFrameworksBuildPhase;
			buildActionMask = 2147483647;
			files = (
			);
			runOnlyForDeploymentPostprocessing = 0;
		};
/* End PBXFrameworksBuildPhase section */

/* Begin PBXGroup section */
		1873DD761F5EC74A007D2B40 = {
			isa = PBXGroup;
			children = (
				1873DD811F5EC74A007D2B40 /* DGFloldableTabbarControl */,
				1873DD801F5EC74A007D2B40 /* Products */,
			);
			sourceTree = "<group>";
		};
		1873DD801F5EC74A007D2B40 /* Products */ = {
			isa = PBXGroup;
			children = (
				1873DD7F1F5EC74A007D2B40 /* DGFloldableTabbarControl.app */,
			);
			name = Products;
			sourceTree = "<group>";
		};
		1873DD811F5EC74A007D2B40 /* DGFloldableTabbarControl */ = {
			isa = PBXGroup;
			children = (
				1873DD961F5EC87F007D2B40 /* DGFoldableTabbarControl */,
				1873DD951F5EC87F007D2B40 /* CellCollectionViewCell.swift */,
				1873DD941F5EC87F007D2B40 /* ContainerVC.swift */,
				1873DD9F1F5EC900007D2B40 /* ListVC.swift */,
				1873DD821F5EC74A007D2B40 /* AppDelegate.swift */,
				1873DD861F5EC74A007D2B40 /* Main.storyboard */,
				1873DD891F5EC74B007D2B40 /* Assets.xcassets */,
				1873DD8B1F5EC74B007D2B40 /* LaunchScreen.storyboard */,
				1873DD8E1F5EC74B007D2B40 /* Info.plist */,
			);
			path = DGFloldableTabbarControl;
			sourceTree = "<group>";
		};
		1873DD961F5EC87F007D2B40 /* DGFoldableTabbarControl */ = {
			isa = PBXGroup;
			children = (
				1873DD971F5EC87F007D2B40 /* DGExpandableButton.swift */,
				1873DD981F5EC87F007D2B40 /* FoldingTabbar.swift */,
				1873DD991F5EC87F007D2B40 /* TabItem.swift */,
			);
			path = DGFoldableTabbarControl;
			sourceTree = "<group>";
		};
/* End PBXGroup section */

/* Begin PBXNativeTarget section */
		1873DD7E1F5EC74A007D2B40 /* DGFloldableTabbarControl */ = {
			isa = PBXNativeTarget;
			buildConfigurationList = 1873DD911F5EC74B007D2B40 /* Build configuration list for PBXNativeTarget "DGFloldableTabbarControl" */;
			buildPhases = (
				1873DD7B1F5EC74A007D2B40 /* Sources */,
				1873DD7C1F5EC74A007D2B40 /* Frameworks */,
				1873DD7D1F5EC74A007D2B40 /* Resources */,
			);
			buildRules = (
			);
			dependencies = (
			);
			name = DGFloldableTabbarControl;
			productName = DGFloldableTabbarControl;
			productReference = 1873DD7F1F5EC74A007D2B40 /* DGFloldableTabbarControl.app */;
			productType = "com.apple.product-type.application";
		};
/* End PBXNativeTarget section */

/* Begin PBXProject section */
		1873DD771F5EC74A007D2B40 /* Project object */ = {
			isa = PBXProject;
			attributes = {
				LastSwiftUpdateCheck = 0900;
				LastUpgradeCheck = 0900;
				ORGANIZATIONNAME = dip;
				TargetAttributes = {
					1873DD7E1F5EC74A007D2B40 = {
						CreatedOnToolsVersion = 9.0;
					};
				};
			};
			buildConfigurationList = 1873DD7A1F5EC74A007D2B40 /* Build configuration list for PBXProject "DGFloldableTabbarControl" */;
			compatibilityVersion = "Xcode 8.0";
			developmentRegion = en;
			hasScannedForEncodings = 0;
			knownRegions = (
				en,
				Base,
			);
			mainGroup = 1873DD761F5EC74A007D2B40;
			productRefGroup = 1873DD801F5EC74A007D2B40 /* Products */;
			projectDirPath = "";
			projectRoot = "";
			targets = (
				1873DD7E1F5EC74A007D2B40 /* DGFloldableTabbarControl */,
			);
		};
/* End PBXProject section */

/* Begin PBXResourcesBuildPhase section */
		1873DD7D1F5EC74A007D2B40 /* Resources */ = {
			isa = PBXResourcesBuildPhase;
			buildActionMask = 2147483647;
			files = (
				1873DD8D1F5EC74B007D2B40 /* LaunchScreen.storyboard in Resources */,
				1873DD8A1F5EC74B007D2B40 /* Assets.xcassets in Resources */,
				1873DD881F5EC74A007D2B40 /* Main.storyboard in Resources */,
			);
			runOnlyForDeploymentPostprocessing = 0;
		};
/* End PBXResourcesBuildPhase section */

/* Begin PBXSourcesBuildPhase section */
		1873DD7B1F5EC74A007D2B40 /* Sources */ = {
			isa = PBXSourcesBuildPhase;
			buildActionMask = 2147483647;
			files = (
				1873DDA01F5EC901007D2B40 /* ListVC.swift in Sources */,
				1873DD9B1F5EC87F007D2B40 /* CellCollectionViewCell.swift in Sources */,
				1873DD9A1F5EC87F007D2B40 /* ContainerVC.swift in Sources */,
				1873DD9E1F5EC87F007D2B40 /* TabItem.swift in Sources */,
				1873DD9D1F5EC87F007D2B40 /* FoldingTabbar.swift in Sources */,
				1873DD9C1F5EC87F007D2B40 /* DGExpandableButton.swift in Sources */,
				1873DD831F5EC74A007D2B40 /* AppDelegate.swift in Sources */,
			);
			runOnlyForDeploymentPostprocessing = 0;
		};
/* End PBXSourcesBuildPhase section */

/* Begin PBXVariantGroup section */
		1873DD861F5EC74A007D2B40 /* Main.storyboard */ = {
			isa = PBXVariantGroup;
			children = (
				1873DD871F5EC74A007D2B40 /* Base */,
			);
			name = Main.storyboard;
			sourceTree = "<group>";
		};
		1873DD8B1F5EC74B007D2B40 /* LaunchScreen.storyboard */ = {
			isa = PBXVariantGroup;
			children = (
				1873DD8C1F5EC74B007D2B40 /* Base */,
			);
			name = LaunchScreen.storyboard;
			sourceTree = "<group>";
		};
/* End PBXVariantGroup section */

/* Begin XCBuildConfiguration section */
		1873DD8F1F5EC74B007D2B40 /* Debug */ = {
			isa = XCBuildConfiguration;
			buildSettings = {
				ALWAYS_SEARCH_USER_PATHS = NO;
				CLANG_ANALYZER_NONNULL = YES;
				CLANG_ANALYZER_NUMBER_OBJECT_CONVERSION = YES_AGGRESSIVE;
				CLANG_CXX_LANGUAGE_STANDARD = "gnu++14";
				CLANG_CXX_LIBRARY = "libc++";
				CLANG_ENABLE_MODULES = YES;
				CLANG_ENABLE_OBJC_ARC = YES;
				CLANG_WARN_BLOCK_CAPTURE_AUTORELEASING = YES;
				CLANG_WARN_BOOL_CONVERSION = YES;
				CLANG_WARN_COMMA = YES;
				CLANG_WARN_CONSTANT_CONVERSION = YES;
				CLANG_WARN_DIRECT_OBJC_ISA_USAGE = YES_ERROR;
				CLANG_WARN_DOCUMENTATION_COMMENTS = YES;
				CLANG_WARN_EMPTY_BODY = YES;
				CLANG_WARN_ENUM_CONVERSION = YES;
				CLANG_WARN_INFINITE_RECURSION = YES;
				CLANG_WARN_INT_CONVERSION = YES;
				CLANG_WARN_NON_LITERAL_NULL_CONVERSION = YES;
				CLANG_WARN_OBJC_LITERAL_CONVERSION = YES;
				CLANG_WARN_OBJC_ROOT_CLASS = YES_ERROR;
				CLANG_WARN_RANGE_LOOP_ANALYSIS = YES;
				CLANG_WARN_STRICT_PROTOTYPES = YES;
				CLANG_WARN_SUSPICIOUS_MOVE = YES;
				CLANG_WARN_UNGUARDED_AVAILABILITY = YES_AGGRESSIVE;
				CLANG_WARN_UNREACHABLE_CODE = YES;
				CLANG_WARN__DUPLICATE_METHOD_MATCH = YES;
				CODE_SIGN_IDENTITY = "iPhone Developer";
				COPY_PHASE_STRIP = NO;
				DEBUG_INFORMATION_FORMAT = dwarf;
				ENABLE_STRICT_OBJC_MSGSEND = YES;
				ENABLE_TESTABILITY = YES;
				GCC_C_LANGUAGE_STANDARD = gnu11;
				GCC_DYNAMIC_NO_PIC = NO;
				GCC_NO_COMMON_BLOCKS = YES;
				GCC_OPTIMIZATION_LEVEL = 0;
				GCC_PREPROCESSOR_DEFINITIONS = (
					"DEBUG=1",
					"$(inherited)",
				);
				GCC_WARN_64_TO_32_BIT_CONVERSION = YES;
				GCC_WARN_ABOUT_RETURN_TYPE = YES_ERROR;
				GCC_WARN_UNDECLARED_SELECTOR = YES;
				GCC_WARN_UNINITIALIZED_AUTOS = YES_AGGRESSIVE;
				GCC_WARN_UNUSED_FUNCTION = YES;
				GCC_WARN_UNUSED_VARIABLE = YES;
				IPHONEOS_DEPLOYMENT_TARGET = 11.0;
				MTL_ENABLE_DEBUG_INFO = YES;
				ONLY_ACTIVE_ARCH = YES;
				SDKROOT = iphoneos;
				SWIFT_ACTIVE_COMPILATION_CONDITIONS = DEBUG;
				SWIFT_OPTIMIZATION_LEVEL = "-Onone";
			};
			name = Debug;
		};
		1873DD901F5EC74B007D2B40 /* Release */ = {
			isa = XCBuildConfiguration;
			buildSettings = {
				ALWAYS_SEARCH_USER_PATHS = NO;
				CLANG_ANALYZER_NONNULL = YES;
				CLANG_ANALYZER_NUMBER_OBJECT_CONVERSION = YES_AGGRESSIVE;
				CLANG_CXX_LANGUAGE_STANDARD = "gnu++14";
				CLANG_CXX_LIBRARY = "libc++";
				CLANG_ENABLE_MODULES = YES;
				CLANG_ENABLE_OBJC_ARC = YES;
				CLANG_WARN_BLOCK_CAPTURE_AUTORELEASING = YES;
				CLANG_WARN_BOOL_CONVERSION = YES;
				CLANG_WARN_COMMA = YES;
				CLANG_WARN_CONSTANT_CONVERSION = YES;
				CLANG_WARN_DIRECT_OBJC_ISA_USAGE = YES_ERROR;
				CLANG_WARN_DOCUMENTATION_COMMENTS = YES;
				CLANG_WARN_EMPTY_BODY = YES;
				CLANG_WARN_ENUM_CONVERSION = YES;
				CLANG_WARN_INFINITE_RECURSION = YES;
				CLANG_WARN_INT_CONVERSION = YES;
				CLANG_WARN_NON_LITERAL_NULL_CONVERSION = YES;
				CLANG_WARN_OBJC_LITERAL_CONVERSION = YES;
				CLANG_WARN_OBJC_ROOT_CLASS = YES_ERROR;
				CLANG_WARN_RANGE_LOOP_ANALYSIS = YES;
				CLANG_WARN_STRICT_PROTOTYPES = YES;
				CLANG_WARN_SUSPICIOUS_MOVE = YES;
				CLANG_WARN_UNGUARDED_AVAILABILITY = YES_AGGRESSIVE;
				CLANG_WARN_UNREACHABLE_CODE = YES;
				CLANG_WARN__DUPLICATE_METHOD_MATCH = YES;
				CODE_SIGN_IDENTITY = "iPhone Developer";
				COPY_PHASE_STRIP = NO;
				DEBUG_INFORMATION_FORMAT = "dwarf-with-dsym";
				ENABLE_NS_ASSERTIONS = NO;
				ENABLE_STRICT_OBJC_MSGSEND = YES;
				GCC_C_LANGUAGE_STANDARD = gnu11;
				GCC_NO_COMMON_BLOCKS = YES;
				GCC_WARN_64_TO_32_BIT_CONVERSION = YES;
				GCC_WARN_ABOUT_RETURN_TYPE = YES_ERROR;
				GCC_WARN_UNDECLARED_SELECTOR = YES;
				GCC_WARN_UNINITIALIZED_AUTOS = YES_AGGRESSIVE;
				GCC_WARN_UNUSED_FUNCTION = YES;
				GCC_WARN_UNUSED_VARIABLE = YES;
				IPHONEOS_DEPLOYMENT_TARGET = 11.0;
				MTL_ENABLE_DEBUG_INFO = NO;
				SDKROOT = iphoneos;
				SWIFT_OPTIMIZATION_LEVEL = "-Owholemodule";
				VALIDATE_PRODUCT = YES;
			};
			name = Release;
		};
		1873DD921F5EC74B007D2B40 /* Debug */ = {
			isa = XCBuildConfiguration;
			buildSettings = {
				ASSETCATALOG_COMPILER_APPICON_NAME = AppIcon;
				DEVELOPMENT_TEAM = 84CDCEHJJ8;
				INFOPLIST_FILE = DGFloldableTabbarControl/Info.plist;
				LD_RUNPATH_SEARCH_PATHS = "$(inherited) @executable_path/Frameworks";
				PRODUCT_BUNDLE_IDENTIFIER = dip.DGFloldableTabbarControl;
				PRODUCT_NAME = "$(TARGET_NAME)";
				SWIFT_VERSION = 4.0;
				TARGETED_DEVICE_FAMILY = "1,2";
			};
			name = Debug;
		};
		1873DD931F5EC74B007D2B40 /* Release */ = {
			isa = XCBuildConfiguration;
			buildSettings = {
				ASSETCATALOG_COMPILER_APPICON_NAME = AppIcon;
				DEVELOPMENT_TEAM = 84CDCEHJJ8;
				INFOPLIST_FILE = DGFloldableTabbarControl/Info.plist;
				LD_RUNPATH_SEARCH_PATHS = "$(inherited) @executable_path/Frameworks";
				PRODUCT_BUNDLE_IDENTIFIER = dip.DGFloldableTabbarControl;
				PRODUCT_NAME = "$(TARGET_NAME)";
				SWIFT_VERSION = 4.0;
				TARGETED_DEVICE_FAMILY = "1,2";
			};
			name = Release;
		};
/* End XCBuildConfiguration section */

/* Begin XCConfigurationList section */
		1873DD7A1F5EC74A007D2B40 /* Build configuration list for PBXProject "DGFloldableTabbarControl" */ = {
			isa = XCConfigurationList;
			buildConfigurations = (
				1873DD8F1F5EC74B007D2B40 /* Debug */,
				1873DD901F5EC74B007D2B40 /* Release */,
			);
			defaultConfigurationIsVisible = 0;
			defaultConfigurationName = Release;
		};
		1873DD911F5EC74B007D2B40 /* Build configuration list for PBXNativeTarget "DGFloldableTabbarControl" */ = {
			isa = XCConfigurationList;
			buildConfigurations = (
				1873DD921F5EC74B007D2B40 /* Debug */,
				1873DD931F5EC74B007D2B40 /* Release */,
			);
			defaultConfigurationIsVisible = 0;
			defaultConfigurationName = Release;
		};
/* End XCConfigurationList section */
	};
	rootObject = 1873DD771F5EC74A007D2B40 /* Project object */;
}
